
Microsoft Visual Studio Solution File, Format Version 12.00
# Visual Studio Version 16
VisualStudioVersion = 16.0.30225.117
MinimumVisualStudioVersion = 10.0.40219.1
Project("{FAE04EC0-301F-11D3-BF4B-00C04F79EFBC}") = "BinaryTreeEx.Lib", "BinaryTree.Lib\BinaryTreeEx.Lib.csproj", "{F9C34B29-E23C-44C2-9C8F-E6D9BBCC9BE7}"
EndProject
Project("{FAE04EC0-301F-11D3-BF4B-00C04F79EFBC}") = "BinaryTreeEx.Tests", "BinaryTree.Tests\BinaryTreeEx.Tests.csproj", "{F74A4C58-39CE-4370-B26C-A89410AE7B8E}"
EndProject
Global
	GlobalSection(SolutionConfigurationPlatforms) = preSolution
		Debug|Any CPU = Debug|Any CPU
		Release|Any CPU = Release|Any CPU
	EndGlobalSection
	GlobalSection(ProjectConfigurationPlatforms) = postSolution
		{F9C34B29-E23C-44C2-9C8F-E6D9BBCC9BE7}.Debug|Any CPU.ActiveCfg = Debug|Any CPU
		{F9C34B29-E23C-44C2-9C8F-E6D9BBCC9BE7}.Debug|Any CPU.Build.0 = Debug|Any CPU
		{F9C34B29-E23C-44C2-9C8F-E6D9BBCC9BE7}.Release|Any CPU.ActiveCfg = Release|Any CPU
		{F9C34B29-E23C-44C2-9C8F-E6D9BBCC9BE7}.Release|Any CPU.Build.0 = Release|Any CPU
		{F74A4C58-39CE-4370-B26C-A89410AE7B8E}.Debug|Any CPU.ActiveCfg = Debug|Any CPU
		{F74A4C58-39CE-4370-B26C-A89410AE7B8E}.Debug|Any CPU.Build.0 = Debug|Any CPU
		{F74A4C58-39CE-4370-B26C-A89410AE7B8E}.Release|Any CPU.ActiveCfg = Release|Any CPU
		{F74A4C58-39CE-4370-B26C-A89410AE7B8E}.Release|Any CPU.Build.0 = Release|Any CPU
	EndGlobalSection
	GlobalSection(SolutionProperties) = preSolution
		HideSolutionNode = FALSE
	EndGlobalSection
	GlobalSection(ExtensibilityGlobals) = postSolution
		SolutionGuid = {A7FBA8EE-B1A3-4C33-8588-C905E2241290}
	EndGlobalSection
EndGlobal
